
Microsoft Visual Studio Solution File, Format Version 12.00
# Visual Studio Version 16
VisualStudioVersion = 16.0.30413.136
MinimumVisualStudioVersion = 10.0.40219.1
Project("{FAE04EC0-301F-11D3-BF4B-00C04F79EFBC}") = "BlazorWasmGithubPages", "BlazorWasmGithubPages.csproj", "{FF4CB9F2-9CC8-4E4E-9696-6F9EABB420C2}"
EndProject
Project("{FAE04EC0-301F-11D3-BF4B-00C04F79EFBC}") = "BlazorWasmGithubPages.Tests", "..\BlazorWasmGithubPages.Tests\BlazorWasmGithubPages.Tests.csproj", "{ECB3EB86-AE5A-426C-9595-799646BF5ACA}"
EndProject
Global
	GlobalSection(SolutionConfigurationPlatforms) = preSolution
		Debug|Any CPU = Debug|Any CPU
		Release|Any CPU = Release|Any CPU
	EndGlobalSection
	GlobalSection(ProjectConfigurationPlatforms) = postSolution
		{FF4CB9F2-9CC8-4E4E-9696-6F9EABB420C2}.Debug|Any CPU.ActiveCfg = Debug|Any CPU
		{FF4CB9F2-9CC8-4E4E-9696-6F9EABB420C2}.Debug|Any CPU.Build.0 = Debug|Any CPU
		{FF4CB9F2-9CC8-4E4E-9696-6F9EABB420C2}.Release|Any CPU.ActiveCfg = Release|Any CPU
		{FF4CB9F2-9CC8-4E4E-9696-6F9EABB420C2}.Release|Any CPU.Build.0 = Release|Any CPU
		{ECB3EB86-AE5A-426C-9595-799646BF5ACA}.Debug|Any CPU.ActiveCfg = Debug|Any CPU
		{ECB3EB86-AE5A-426C-9595-799646BF5ACA}.Debug|Any CPU.Build.0 = Debug|Any CPU
		{ECB3EB86-AE5A-426C-9595-799646BF5ACA}.Release|Any CPU.ActiveCfg = Release|Any CPU
		{ECB3EB86-AE5A-426C-9595-799646BF5ACA}.Release|Any CPU.Build.0 = Release|Any CPU
	EndGlobalSection
	GlobalSection(SolutionProperties) = preSolution
		HideSolutionNode = FALSE
	EndGlobalSection
	GlobalSection(ExtensibilityGlobals) = postSolution
		SolutionGuid = {F25871FE-9321-435C-A204-CD16AD45EC98}
	EndGlobalSection
EndGlobal
